
Microsoft Visual Studio Solution File, Format Version 12.00
# Visual Studio 2012
Project("{FAE04EC0-301F-11D3-BF4B-00C04F79EFBC}") = "Connections", "..\DataLibrary\Connections\Connections.csproj", "{D486471E-8B32-4B32-ABAE-9DACED8C3464}"
EndProject
Project("{FAE04EC0-301F-11D3-BF4B-00C04F79EFBC}") = "LibraryMyTest", "LibraryMyTest\LibraryMyTest.csproj", "{00154D61-A6D0-40CE-BCAE-D5AE77508DF6}"
EndProject
Global
	GlobalSection(SolutionConfigurationPlatforms) = preSolution
		Debug|Any CPU = Debug|Any CPU
		Release|Any CPU = Release|Any CPU
	EndGlobalSection
	GlobalSection(ProjectConfigurationPlatforms) = postSolution
		{D486471E-8B32-4B32-ABAE-9DACED8C3464}.Debug|Any CPU.ActiveCfg = Debug|Any CPU
		{D486471E-8B32-4B32-ABAE-9DACED8C3464}.Debug|Any CPU.Build.0 = Debug|Any CPU
		{D486471E-8B32-4B32-ABAE-9DACED8C3464}.Release|Any CPU.ActiveCfg = Release|Any CPU
		{D486471E-8B32-4B32-ABAE-9DACED8C3464}.Release|Any CPU.Build.0 = Release|Any CPU
		{00154D61-A6D0-40CE-BCAE-D5AE77508DF6}.Debug|Any CPU.ActiveCfg = Debug|Any CPU
		{00154D61-A6D0-40CE-BCAE-D5AE77508DF6}.Debug|Any CPU.Build.0 = Debug|Any CPU
		{00154D61-A6D0-40CE-BCAE-D5AE77508DF6}.Release|Any CPU.ActiveCfg = Release|Any CPU
		{00154D61-A6D0-40CE-BCAE-D5AE77508DF6}.Release|Any CPU.Build.0 = Release|Any CPU
	EndGlobalSection
	GlobalSection(SolutionProperties) = preSolution
		HideSolutionNode = FALSE
	EndGlobalSection
EndGlobal
